
Microsoft Visual Studio Solution File, Format Version 12.00
# Visual Studio Version 17
VisualStudioVersion = 17.9.34616.47
MinimumVisualStudioVersion = 10.0.40219.1
Project("{FAE04EC0-301F-11D3-BF4B-00C04F79EFBC}") = "Pelota", "Pelota\Pelota.csproj", "{D49A4C2C-038E-4616-9623-A812FA61735E}"
EndProject
Global
	GlobalSection(SolutionConfigurationPlatforms) = preSolution
		Debug|Any CPU = Debug|Any CPU
		Release|Any CPU = Release|Any CPU
	EndGlobalSection
	GlobalSection(ProjectConfigurationPlatforms) = postSolution
		{D49A4C2C-038E-4616-9623-A812FA61735E}.Debug|Any CPU.ActiveCfg = Debug|Any CPU
		{D49A4C2C-038E-4616-9623-A812FA61735E}.Debug|Any CPU.Build.0 = Debug|Any CPU
		{D49A4C2C-038E-4616-9623-A812FA61735E}.Release|Any CPU.ActiveCfg = Release|Any CPU
		{D49A4C2C-038E-4616-9623-A812FA61735E}.Release|Any CPU.Build.0 = Release|Any CPU
	EndGlobalSection
	GlobalSection(SolutionProperties) = preSolution
		HideSolutionNode = FALSE
	EndGlobalSection
	GlobalSection(ExtensibilityGlobals) = postSolution
		SolutionGuid = {82D601D6-E374-48BB-8A4A-961F251F5D77}
	EndGlobalSection
EndGlobal
